
Microsoft Visual Studio Solution File, Format Version 12.00
# Visual Studio Version 17
VisualStudioVersion = 17.9.34902.65
MinimumVisualStudioVersion = 10.0.40219.1
Project("{FAE04EC0-301F-11D3-BF4B-00C04F79EFBC}") = "ChatClient", "ChatClient.csproj", "{19BA16CC-9028-42A5-88E2-2DA39B5532FD}"
EndProject
Global
	GlobalSection(SolutionConfigurationPlatforms) = preSolution
		Debug|Any CPU = Debug|Any CPU
		Release|Any CPU = Release|Any CPU
	EndGlobalSection
	GlobalSection(ProjectConfigurationPlatforms) = postSolution
		{19BA16CC-9028-42A5-88E2-2DA39B5532FD}.Debug|Any CPU.ActiveCfg = Debug|Any CPU
		{19BA16CC-9028-42A5-88E2-2DA39B5532FD}.Debug|Any CPU.Build.0 = Debug|Any CPU
		{19BA16CC-9028-42A5-88E2-2DA39B5532FD}.Release|Any CPU.ActiveCfg = Release|Any CPU
		{19BA16CC-9028-42A5-88E2-2DA39B5532FD}.Release|Any CPU.Build.0 = Release|Any CPU
	EndGlobalSection
	GlobalSection(SolutionProperties) = preSolution
		HideSolutionNode = FALSE
	EndGlobalSection
	GlobalSection(ExtensibilityGlobals) = postSolution
		SolutionGuid = {830D4701-9E10-410C-912B-AD3243F9E75B}
	EndGlobalSection
EndGlobal
